// !$*UTF8*$!
{
	archiveVersion = 1;
	classes = {
	};
	objectVersion = 77;
	objects = {

/* Begin PBXContainerItemProxy section */
		93B466D32EA9AD9000CBBAF9 /* PBXContainerItemProxy */ = {
			isa = PBXContainerItemProxy;
			containerPortal = 845EC8202E59384700BF7A12 /* Project object */;
			proxyType = 1;
			remoteGlobalIDString = 845EC8272E59384700BF7A12;
			remoteInfo = RegistroUsuarioSUI;
		};
/* End PBXContainerItemProxy section */

/* Begin PBXFileReference section */
		845EC8282E59384700BF7A12 /* RegistroUsuarioSUI.app */ = {isa = PBXFileReference; explicitFileType = wrapper.application; includeInIndex = 0; path = RegistroUsuarioSUI.app; sourceTree = BUILT_PRODUCTS_DIR; };
		93B466CF2EA9AD9000CBBAF9 /* RegistroUsuarioSUITests.xctest */ = {isa = PBXFileReference; explicitFileType = wrapper.cfbundle; includeInIndex = 0; path = RegistroUsuarioSUITests.xctest; sourceTree = BUILT_PRODUCTS_DIR; };
		93B466E22EA9B07000CBBAF9 /* AuthenticationController.swift */ = {isa = PBXFileReference; lastKnownFileType = sourcecode.swift; path = AuthenticationController.swift; sourceTree = "<group>"; };
		93B466E32EA9B07000CBBAF9 /* CategoriesController.swift */ = {isa = PBXFileReference; lastKnownFileType = sourcecode.swift; path = CategoriesController.swift; sourceTree = "<group>"; };
		93B466E42EA9B07000CBBAF9 /* IncidentsController.swift */ = {isa = PBXFileReference; lastKnownFileType = sourcecode.swift; path = IncidentsController.swift; sourceTree = "<group>"; };
		93B466E52EA9B07000CBBAF9 /* ProfileController.swift */ = {isa = PBXFileReference; lastKnownFileType = sourcecode.swift; path = ProfileController.swift; sourceTree = "<group>"; };
		93B466E72EA9B07000CBBAF9 /* CategoryDTO.swift */ = {isa = PBXFileReference; lastKnownFileType = sourcecode.swift; path = CategoryDTO.swift; sourceTree = "<group>"; };
		93B466E82EA9B07000CBBAF9 /* IncidentDTO.swift */ = {isa = PBXFileReference; lastKnownFileType = sourcecode.swift; path = IncidentDTO.swift; sourceTree = "<group>"; };
		93B466E92EA9B07000CBBAF9 /* LoginDTO.swift */ = {isa = PBXFileReference; lastKnownFileType = sourcecode.swift; path = LoginDTO.swift; sourceTree = "<group>"; };
		93B466EA2EA9B07000CBBAF9 /* UserProfileDTO.swift */ = {isa = PBXFileReference; lastKnownFileType = sourcecode.swift; path = UserProfileDTO.swift; sourceTree = "<group>"; };
		93B466EB2EA9B07000CBBAF9 /* UserRegistrationDTO.swift */ = {isa = PBXFileReference; lastKnownFileType = sourcecode.swift; path = UserRegistrationDTO.swift; sourceTree = "<group>"; };
		93B466ED2EA9B07000CBBAF9 /* EnvironmentExtension.swift */ = {isa = PBXFileReference; lastKnownFileType = sourcecode.swift; path = EnvironmentExtension.swift; sourceTree = "<group>"; };
		93B466EE2EA9B07000CBBAF9 /* ValidaCampos.swift */ = {isa = PBXFileReference; lastKnownFileType = sourcecode.swift; path = ValidaCampos.swift; sourceTree = "<group>"; };
		93B466F02EA9B07000CBBAF9 /* ProfileObs.swift */ = {isa = PBXFileReference; lastKnownFileType = sourcecode.swift; path = ProfileObs.swift; sourceTree = "<group>"; };
		93B466F22EA9B07000CBBAF9 /* CategoriesClient.swift */ = {isa = PBXFileReference; lastKnownFileType = sourcecode.swift; path = CategoriesClient.swift; sourceTree = "<group>"; };
		93B466F32EA9B07000CBBAF9 /* Config.swift */ = {isa = PBXFileReference; lastKnownFileType = sourcecode.swift; path = Config.swift; sourceTree = "<group>"; };
		93B466F42EA9B07000CBBAF9 /* HTTPClient.swift */ = {isa = PBXFileReference; lastKnownFileType = sourcecode.swift; path = HTTPClient.swift; sourceTree = "<group>"; };
		93B466F52EA9B07000CBBAF9 /* IncidentsClient.swift */ = {isa = PBXFileReference; lastKnownFileType = sourcecode.swift; path = IncidentsClient.swift; sourceTree = "<group>"; };
		93B466F62EA9B07000CBBAF9 /* ProfileClient.swift */ = {isa = PBXFileReference; lastKnownFileType = sourcecode.swift; path = ProfileClient.swift; sourceTree = "<group>"; };
		93B466F82EA9B07000CBBAF9 /* HomeScreen.swift */ = {isa = PBXFileReference; lastKnownFileType = sourcecode.swift; path = HomeScreen.swift; sourceTree = "<group>"; };
		93B466F92EA9B07000CBBAF9 /* LoginScreen.swift */ = {isa = PBXFileReference; lastKnownFileType = sourcecode.swift; path = LoginScreen.swift; sourceTree = "<group>"; };
		93B466FA2EA9B07000CBBAF9 /* UserRegistration.swift */ = {isa = PBXFileReference; lastKnownFileType = sourcecode.swift; path = UserRegistration.swift; sourceTree = "<group>"; };
		93B466FC2EA9B07000CBBAF9 /* URLSettings.swift */ = {isa = PBXFileReference; lastKnownFileType = sourcecode.swift; path = URLSettings.swift; sourceTree = "<group>"; };
		93B466FE2EA9B07000CBBAF9 /* TokenStorage.swift */ = {isa = PBXFileReference; lastKnownFileType = sourcecode.swift; path = TokenStorage.swift; sourceTree = "<group>"; };
		93B467002EA9B07000CBBAF9 /* CategoryCardView.swift */ = {isa = PBXFileReference; lastKnownFileType = sourcecode.swift; path = CategoryCardView.swift; sourceTree = "<group>"; };
		93B467012EA9B07000CBBAF9 /* CategoryDetailView.swift */ = {isa = PBXFileReference; lastKnownFileType = sourcecode.swift; path = CategoryDetailView.swift; sourceTree = "<group>"; };
		93B467022EA9B07000CBBAF9 /* DashboardView.swift */ = {isa = PBXFileReference; lastKnownFileType = sourcecode.swift; path = DashboardView.swift; sourceTree = "<group>"; };
		93B467032EA9B07000CBBAF9 /* GuidesView.swift */ = {isa = PBXFileReference; lastKnownFileType = sourcecode.swift; path = GuidesView.swift; sourceTree = "<group>"; };
		93B467042EA9B07000CBBAF9 /* HistorialView.swift */ = {isa = PBXFileReference; lastKnownFileType = sourcecode.swift; path = HistorialView.swift; sourceTree = "<group>"; };
		93B467052EA9B07000CBBAF9 /* IncidentCardView.swift */ = {isa = PBXFileReference; lastKnownFileType = sourcecode.swift; path = IncidentCardView.swift; sourceTree = "<group>"; };
		93B467062EA9B07000CBBAF9 /* IncidentDetailView.swift */ = {isa = PBXFileReference; lastKnownFileType = sourcecode.swift; path = IncidentDetailView.swift; sourceTree = "<group>"; };
		93B467072EA9B07000CBBAF9 /* OrganizationView.swift */ = {isa = PBXFileReference; lastKnownFileType = sourcecode.swift; path = OrganizationView.swift; sourceTree = "<group>"; };
		93B467082EA9B07000CBBAF9 /* PrivacyPolicyView.swift */ = {isa = PBXFileReference; lastKnownFileType = sourcecode.swift; path = PrivacyPolicyView.swift; sourceTree = "<group>"; };
		93B467092EA9B07000CBBAF9 /* ProfileView.swift */ = {isa = PBXFileReference; lastKnownFileType = sourcecode.swift; path = ProfileView.swift; sourceTree = "<group>"; };
		93B4670A2EA9B07000CBBAF9 /* ReportView.swift */ = {isa = PBXFileReference; lastKnownFileType = sourcecode.swift; path = ReportView.swift; sourceTree = "<group>"; };
		93B4670B2EA9B07000CBBAF9 /* ResultsView.swift */ = {isa = PBXFileReference; lastKnownFileType = sourcecode.swift; path = ResultsView.swift; sourceTree = "<group>"; };
		93B4670C2EA9B07000CBBAF9 /* StatisticsView.swift */ = {isa = PBXFileReference; lastKnownFileType = sourcecode.swift; path = StatisticsView.swift; sourceTree = "<group>"; };
		93B4670D2EA9B07000CBBAF9 /* ValidationSummary.swift */ = {isa = PBXFileReference; lastKnownFileType = sourcecode.swift; path = ValidationSummary.swift; sourceTree = "<group>"; };
		93B4670F2EA9B07000CBBAF9 /* Assets.xcassets */ = {isa = PBXFileReference; lastKnownFileType = folder.assetcatalog; path = Assets.xcassets; sourceTree = "<group>"; };
		93B467102EA9B07000CBBAF9 /* ContentView.swift */ = {isa = PBXFileReference; lastKnownFileType = sourcecode.swift; path = ContentView.swift; sourceTree = "<group>"; };
		93B467112EA9B07000CBBAF9 /* file_tree.txt */ = {isa = PBXFileReference; lastKnownFileType = text; path = file_tree.txt; sourceTree = "<group>"; };
		93B467122EA9B07000CBBAF9 /* RegistroUsuarioSUIApp.swift */ = {isa = PBXFileReference; lastKnownFileType = sourcecode.swift; path = RegistroUsuarioSUIApp.swift; sourceTree = "<group>"; };
		93B467142EA9B08600CBBAF9 /* RegistroUsuarioSUI.xcodeproj */ = {isa = PBXFileReference; lastKnownFileType = "wrapper.pb-project"; path = RegistroUsuarioSUI.xcodeproj; sourceTree = "<group>"; };
/* End PBXFileReference section */

/* Begin PBXFileSystemSynchronizedRootGroup section */
		845EC82A2E59384700BF7A12 /* RegistroUsuarioSUI */ = {
			isa = PBXFileSystemSynchronizedRootGroup;
			path = RegistroUsuarioSUI;
			sourceTree = "<group>";
		};
		93B466D02EA9AD9000CBBAF9 /* RegistroUsuarioSUITests */ = {
			isa = PBXFileSystemSynchronizedRootGroup;
			path = RegistroUsuarioSUITests;
			sourceTree = "<group>";
		};
/* End PBXFileSystemSynchronizedRootGroup section */

/* Begin PBXFrameworksBuildPhase section */
		845EC8252E59384700BF7A12 /* Frameworks */ = {
			isa = PBXFrameworksBuildPhase;
			buildActionMask = 2147483647;
			files = (
			);
			runOnlyForDeploymentPostprocessing = 0;
		};
		93B466CC2EA9AD9000CBBAF9 /* Frameworks */ = {
			isa = PBXFrameworksBuildPhase;
			buildActionMask = 2147483647;
			files = (
			);
			runOnlyForDeploymentPostprocessing = 0;
		};
/* End PBXFrameworksBuildPhase section */

/* Begin PBXGroup section */
		845EC81F2E59384700BF7A12 = {
			isa = PBXGroup;
			children = (
				845EC82A2E59384700BF7A12 /* RegistroUsuarioSUI */,
				93B466D02EA9AD9000CBBAF9 /* RegistroUsuarioSUITests */,
				93B466E12EA9B07000CBBAF9 /* Frameworks */,
				845EC8292E59384700BF7A12 /* Products */,
			);
			sourceTree = "<group>";
		};
		845EC8292E59384700BF7A12 /* Products */ = {
			isa = PBXGroup;
			children = (
				845EC8282E59384700BF7A12 /* RegistroUsuarioSUI.app */,
				93B466CF2EA9AD9000CBBAF9 /* RegistroUsuarioSUITests.xctest */,
			);
			name = Products;
			sourceTree = "<group>";
		};
		93B466E12EA9B07000CBBAF9 /* Frameworks */ = {
			isa = PBXGroup;
			children = (
				93B467142EA9B08600CBBAF9 /* RegistroUsuarioSUI.xcodeproj */,
				93B467132EA9B07000CBBAF9 /* RegistroUsuarioSUI */,
			);
			name = Frameworks;
			sourceTree = "<group>";
		};
		93B466E62EA9B07000CBBAF9 /* Controllers */ = {
			isa = PBXGroup;
			children = (
				93B466E22EA9B07000CBBAF9 /* AuthenticationController.swift */,
				93B466E32EA9B07000CBBAF9 /* CategoriesController.swift */,
				93B466E42EA9B07000CBBAF9 /* IncidentsController.swift */,
				93B466E52EA9B07000CBBAF9 /* ProfileController.swift */,
			);
			path = Controllers;
			sourceTree = "<group>";
		};
		93B466EC2EA9B07000CBBAF9 /* DTOs */ = {
			isa = PBXGroup;
			children = (
				93B466E72EA9B07000CBBAF9 /* CategoryDTO.swift */,
				93B466E82EA9B07000CBBAF9 /* IncidentDTO.swift */,
				93B466E92EA9B07000CBBAF9 /* LoginDTO.swift */,
				93B466EA2EA9B07000CBBAF9 /* UserProfileDTO.swift */,
				93B466EB2EA9B07000CBBAF9 /* UserRegistrationDTO.swift */,
			);
			path = DTOs;
			sourceTree = "<group>";
		};
		93B466EF2EA9B07000CBBAF9 /* Extensions */ = {
			isa = PBXGroup;
			children = (
				93B466ED2EA9B07000CBBAF9 /* EnvironmentExtension.swift */,
				93B466EE2EA9B07000CBBAF9 /* ValidaCampos.swift */,
			);
			path = Extensions;
			sourceTree = "<group>";
		};
		93B466F12EA9B07000CBBAF9 /* Models */ = {
			isa = PBXGroup;
			children = (
				93B466F02EA9B07000CBBAF9 /* ProfileObs.swift */,
			);
			path = Models;
			sourceTree = "<group>";
		};
		93B466F72EA9B07000CBBAF9 /* Networking */ = {
			isa = PBXGroup;
			children = (
				93B466F22EA9B07000CBBAF9 /* CategoriesClient.swift */,
				93B466F32EA9B07000CBBAF9 /* Config.swift */,
				93B466F42EA9B07000CBBAF9 /* HTTPClient.swift */,
				93B466F52EA9B07000CBBAF9 /* IncidentsClient.swift */,
				93B466F62EA9B07000CBBAF9 /* ProfileClient.swift */,
			);
			path = Networking;
			sourceTree = "<group>";
		};
		93B466FB2EA9B07000CBBAF9 /* Screens */ = {
			isa = PBXGroup;
			children = (
				93B466F82EA9B07000CBBAF9 /* HomeScreen.swift */,
				93B466F92EA9B07000CBBAF9 /* LoginScreen.swift */,
				93B466FA2EA9B07000CBBAF9 /* UserRegistration.swift */,
			);
			path = Screens;
			sourceTree = "<group>";
		};
		93B466FD2EA9B07000CBBAF9 /* Settings */ = {
			isa = PBXGroup;
			children = (
				93B466FC2EA9B07000CBBAF9 /* URLSettings.swift */,
			);
			path = Settings;
			sourceTree = "<group>";
		};
		93B466FF2EA9B07000CBBAF9 /* Storage */ = {
			isa = PBXGroup;
			children = (
				93B466FE2EA9B07000CBBAF9 /* TokenStorage.swift */,
			);
			path = Storage;
			sourceTree = "<group>";
		};
		93B4670E2EA9B07000CBBAF9 /* Views */ = {
			isa = PBXGroup;
			children = (
				93B467002EA9B07000CBBAF9 /* CategoryCardView.swift */,
				93B467012EA9B07000CBBAF9 /* CategoryDetailView.swift */,
				93B467022EA9B07000CBBAF9 /* DashboardView.swift */,
				93B467032EA9B07000CBBAF9 /* GuidesView.swift */,
				93B467042EA9B07000CBBAF9 /* HistorialView.swift */,
				93B467052EA9B07000CBBAF9 /* IncidentCardView.swift */,
				93B467062EA9B07000CBBAF9 /* IncidentDetailView.swift */,
				93B467072EA9B07000CBBAF9 /* OrganizationView.swift */,
				93B467082EA9B07000CBBAF9 /* PrivacyPolicyView.swift */,
				93B467092EA9B07000CBBAF9 /* ProfileView.swift */,
				93B4670A2EA9B07000CBBAF9 /* ReportView.swift */,
				93B4670B2EA9B07000CBBAF9 /* ResultsView.swift */,
				93B4670C2EA9B07000CBBAF9 /* StatisticsView.swift */,
				93B4670D2EA9B07000CBBAF9 /* ValidationSummary.swift */,
			);
			path = Views;
			sourceTree = "<group>";
		};
		93B467132EA9B07000CBBAF9 /* RegistroUsuarioSUI */ = {
			isa = PBXGroup;
			children = (
				93B466E62EA9B07000CBBAF9 /* Controllers */,
				93B466EC2EA9B07000CBBAF9 /* DTOs */,
				93B466EF2EA9B07000CBBAF9 /* Extensions */,
				93B466F12EA9B07000CBBAF9 /* Models */,
				93B466F72EA9B07000CBBAF9 /* Networking */,
				93B466FB2EA9B07000CBBAF9 /* Screens */,
				93B466FD2EA9B07000CBBAF9 /* Settings */,
				93B466FF2EA9B07000CBBAF9 /* Storage */,
				93B4670E2EA9B07000CBBAF9 /* Views */,
				93B4670F2EA9B07000CBBAF9 /* Assets.xcassets */,
				93B467102EA9B07000CBBAF9 /* ContentView.swift */,
				93B467112EA9B07000CBBAF9 /* file_tree.txt */,
				93B467122EA9B07000CBBAF9 /* RegistroUsuarioSUIApp.swift */,
			);
			path = RegistroUsuarioSUI;
			sourceTree = "<group>";
		};
		93B467152EA9B08600CBBAF9 /* Products */ = {
			isa = PBXGroup;
			name = Products;
			sourceTree = "<group>";
		};
/* End PBXGroup section */

/* Begin PBXNativeTarget section */
		845EC8272E59384700BF7A12 /* RegistroUsuarioSUI */ = {
			isa = PBXNativeTarget;
			buildConfigurationList = 845EC8332E59384800BF7A12 /* Build configuration list for PBXNativeTarget "RegistroUsuarioSUI" */;
			buildPhases = (
				845EC8242E59384700BF7A12 /* Sources */,
				845EC8252E59384700BF7A12 /* Frameworks */,
				845EC8262E59384700BF7A12 /* Resources */,
			);
			buildRules = (
			);
			dependencies = (
			);
			fileSystemSynchronizedGroups = (
				845EC82A2E59384700BF7A12 /* RegistroUsuarioSUI */,
			);
			name = RegistroUsuarioSUI;
			packageProductDependencies = (
			);
			productName = RegistroUsuarioSUI;
			productReference = 845EC8282E59384700BF7A12 /* RegistroUsuarioSUI.app */;
			productType = "com.apple.product-type.application";
		};
		93B466CE2EA9AD9000CBBAF9 /* RegistroUsuarioSUITests */ = {
			isa = PBXNativeTarget;
			buildConfigurationList = 93B466D72EA9AD9000CBBAF9 /* Build configuration list for PBXNativeTarget "RegistroUsuarioSUITests" */;
			buildPhases = (
				93B466CB2EA9AD9000CBBAF9 /* Sources */,
				93B466CC2EA9AD9000CBBAF9 /* Frameworks */,
				93B466CD2EA9AD9000CBBAF9 /* Resources */,
			);
			buildRules = (
			);
			dependencies = (
				93B466D42EA9AD9000CBBAF9 /* PBXTargetDependency */,
			);
			fileSystemSynchronizedGroups = (
				93B466D02EA9AD9000CBBAF9 /* RegistroUsuarioSUITests */,
			);
			name = RegistroUsuarioSUITests;
			packageProductDependencies = (
			);
			productName = RegistroUsuarioSUITests;
			productReference = 93B466CF2EA9AD9000CBBAF9 /* RegistroUsuarioSUITests.xctest */;
			productType = "com.apple.product-type.bundle.unit-test";
		};
/* End PBXNativeTarget section */

/* Begin PBXProject section */
		845EC8202E59384700BF7A12 /* Project object */ = {
			isa = PBXProject;
			attributes = {
				BuildIndependentTargetsInParallel = 1;
				LastSwiftUpdateCheck = 2600;
				LastUpgradeCheck = 1640;
				TargetAttributes = {
					845EC8272E59384700BF7A12 = {
						CreatedOnToolsVersion = 16.4;
					};
					93B466CE2EA9AD9000CBBAF9 = {
						CreatedOnToolsVersion = 26.0.1;
						TestTargetID = 845EC8272E59384700BF7A12;
					};
				};
			};
			buildConfigurationList = 845EC8232E59384700BF7A12 /* Build configuration list for PBXProject "RegistroUsuarioSUI" */;
			developmentRegion = en;
			hasScannedForEncodings = 0;
			knownRegions = (
				en,
				Base,
			);
			mainGroup = 845EC81F2E59384700BF7A12;
			minimizedProjectReferenceProxies = 1;
			preferredProjectObjectVersion = 77;
			productRefGroup = 845EC8292E59384700BF7A12 /* Products */;
			projectDirPath = "";
			projectReferences = (
				{
					ProductGroup = 93B467152EA9B08600CBBAF9 /* Products */;
					ProjectRef = 93B467142EA9B08600CBBAF9 /* RegistroUsuarioSUI.xcodeproj */;
				},
			);
			projectRoot = "";
			targets = (
				845EC8272E59384700BF7A12 /* RegistroUsuarioSUI */,
				93B466CE2EA9AD9000CBBAF9 /* RegistroUsuarioSUITests */,
			);
		};
/* End PBXProject section */

/* Begin PBXResourcesBuildPhase section */
		845EC8262E59384700BF7A12 /* Resources */ = {
			isa = PBXResourcesBuildPhase;
			buildActionMask = 2147483647;
			files = (
			);
			runOnlyForDeploymentPostprocessing = 0;
		};
		93B466CD2EA9AD9000CBBAF9 /* Resources */ = {
			isa = PBXResourcesBuildPhase;
			buildActionMask = 2147483647;
			files = (
			);
			runOnlyForDeploymentPostprocessing = 0;
		};
/* End PBXResourcesBuildPhase section */

/* Begin PBXSourcesBuildPhase section */
		845EC8242E59384700BF7A12 /* Sources */ = {
			isa = PBXSourcesBuildPhase;
			buildActionMask = 2147483647;
			files = (
			);
			runOnlyForDeploymentPostprocessing = 0;
		};
		93B466CB2EA9AD9000CBBAF9 /* Sources */ = {
			isa = PBXSourcesBuildPhase;
			buildActionMask = 2147483647;
			files = (
			);
			runOnlyForDeploymentPostprocessing = 0;
		};
/* End PBXSourcesBuildPhase section */

/* Begin PBXTargetDependency section */
		93B466D42EA9AD9000CBBAF9 /* PBXTargetDependency */ = {
			isa = PBXTargetDependency;
			target = 845EC8272E59384700BF7A12 /* RegistroUsuarioSUI */;
			targetProxy = 93B466D32EA9AD9000CBBAF9 /* PBXContainerItemProxy */;
		};
/* End PBXTargetDependency section */

/* Begin XCBuildConfiguration section */
		845EC8312E59384800BF7A12 /* Debug */ = {
			isa = XCBuildConfiguration;
			buildSettings = {
				ALWAYS_SEARCH_USER_PATHS = NO;
				ASSETCATALOG_COMPILER_GENERATE_SWIFT_ASSET_SYMBOL_EXTENSIONS = YES;
				CLANG_ANALYZER_NONNULL = YES;
				CLANG_ANALYZER_NUMBER_OBJECT_CONVERSION = YES_AGGRESSIVE;
				CLANG_CXX_LANGUAGE_STANDARD = "gnu++20";
				CLANG_ENABLE_MODULES = YES;
				CLANG_ENABLE_OBJC_ARC = YES;
				CLANG_ENABLE_OBJC_WEAK = YES;
				CLANG_WARN_BLOCK_CAPTURE_AUTORELEASING = YES;
				CLANG_WARN_BOOL_CONVERSION = YES;
				CLANG_WARN_COMMA = YES;
				CLANG_WARN_CONSTANT_CONVERSION = YES;
				CLANG_WARN_DEPRECATED_OBJC_IMPLEMENTATIONS = YES;
				CLANG_WARN_DIRECT_OBJC_ISA_USAGE = YES_ERROR;
				CLANG_WARN_DOCUMENTATION_COMMENTS = YES;
				CLANG_WARN_EMPTY_BODY = YES;
				CLANG_WARN_ENUM_CONVERSION = YES;
				CLANG_WARN_INFINITE_RECURSION = YES;
				CLANG_WARN_INT_CONVERSION = YES;
				CLANG_WARN_NON_LITERAL_NULL_CONVERSION = YES;
				CLANG_WARN_OBJC_IMPLICIT_RETAIN_SELF = YES;
				CLANG_WARN_OBJC_LITERAL_CONVERSION = YES;
				CLANG_WARN_OBJC_ROOT_CLASS = YES_ERROR;
				CLANG_WARN_QUOTED_INCLUDE_IN_FRAMEWORK_HEADER = YES;
				CLANG_WARN_RANGE_LOOP_ANALYSIS = YES;
				CLANG_WARN_STRICT_PROTOTYPES = YES;
				CLANG_WARN_SUSPICIOUS_MOVE = YES;
				CLANG_WARN_UNGUARDED_AVAILABILITY = YES_AGGRESSIVE;
				CLANG_WARN_UNREACHABLE_CODE = YES;
				CLANG_WARN__DUPLICATE_METHOD_MATCH = YES;
				COPY_PHASE_STRIP = NO;
				DEBUG_INFORMATION_FORMAT = dwarf;
				ENABLE_STRICT_OBJC_MSGSEND = YES;
				ENABLE_TESTABILITY = YES;
				ENABLE_USER_SCRIPT_SANDBOXING = YES;
				GCC_C_LANGUAGE_STANDARD = gnu17;
				GCC_DYNAMIC_NO_PIC = NO;
				GCC_NO_COMMON_BLOCKS = YES;
				GCC_OPTIMIZATION_LEVEL = 0;
				GCC_PREPROCESSOR_DEFINITIONS = (
					"DEBUG=1",
					"$(inherited)",
				);
				GCC_WARN_64_TO_32_BIT_CONVERSION = YES;
				GCC_WARN_ABOUT_RETURN_TYPE = YES_ERROR;
				GCC_WARN_UNDECLARED_SELECTOR = YES;
				GCC_WARN_UNINITIALIZED_AUTOS = YES_AGGRESSIVE;
				GCC_WARN_UNUSED_FUNCTION = YES;
				GCC_WARN_UNUSED_VARIABLE = YES;
				IPHONEOS_DEPLOYMENT_TARGET = 18.5;
				LOCALIZATION_PREFERS_STRING_CATALOGS = YES;
				MTL_ENABLE_DEBUG_INFO = INCLUDE_SOURCE;
				MTL_FAST_MATH = YES;
				ONLY_ACTIVE_ARCH = YES;
				SDKROOT = iphoneos;
				SWIFT_ACTIVE_COMPILATION_CONDITIONS = "DEBUG $(inherited)";
				SWIFT_OPTIMIZATION_LEVEL = "-Onone";
			};
			name = Debug;
		};
		845EC8322E59384800BF7A12 /* Release */ = {
			isa = XCBuildConfiguration;
			buildSettings = {
				ALWAYS_SEARCH_USER_PATHS = NO;
				ASSETCATALOG_COMPILER_GENERATE_SWIFT_ASSET_SYMBOL_EXTENSIONS = YES;
				CLANG_ANALYZER_NONNULL = YES;
				CLANG_ANALYZER_NUMBER_OBJECT_CONVERSION = YES_AGGRESSIVE;
				CLANG_CXX_LANGUAGE_STANDARD = "gnu++20";
				CLANG_ENABLE_MODULES = YES;
				CLANG_ENABLE_OBJC_ARC = YES;
				CLANG_ENABLE_OBJC_WEAK = YES;
				CLANG_WARN_BLOCK_CAPTURE_AUTORELEASING = YES;
				CLANG_WARN_BOOL_CONVERSION = YES;
				CLANG_WARN_COMMA = YES;
				CLANG_WARN_CONSTANT_CONVERSION = YES;
				CLANG_WARN_DEPRECATED_OBJC_IMPLEMENTATIONS = YES;
				CLANG_WARN_DIRECT_OBJC_ISA_USAGE = YES_ERROR;
				CLANG_WARN_DOCUMENTATION_COMMENTS = YES;
				CLANG_WARN_EMPTY_BODY = YES;
				CLANG_WARN_ENUM_CONVERSION = YES;
				CLANG_WARN_INFINITE_RECURSION = YES;
				CLANG_WARN_INT_CONVERSION = YES;
				CLANG_WARN_NON_LITERAL_NULL_CONVERSION = YES;
				CLANG_WARN_OBJC_IMPLICIT_RETAIN_SELF = YES;
				CLANG_WARN_OBJC_LITERAL_CONVERSION = YES;
				CLANG_WARN_OBJC_ROOT_CLASS = YES_ERROR;
				CLANG_WARN_QUOTED_INCLUDE_IN_FRAMEWORK_HEADER = YES;
				CLANG_WARN_RANGE_LOOP_ANALYSIS = YES;
				CLANG_WARN_STRICT_PROTOTYPES = YES;
				CLANG_WARN_SUSPICIOUS_MOVE = YES;
				CLANG_WARN_UNGUARDED_AVAILABILITY = YES_AGGRESSIVE;
				CLANG_WARN_UNREACHABLE_CODE = YES;
				CLANG_WARN__DUPLICATE_METHOD_MATCH = YES;
				COPY_PHASE_STRIP = NO;
				DEBUG_INFORMATION_FORMAT = "dwarf-with-dsym";
				ENABLE_NS_ASSERTIONS = NO;
				ENABLE_STRICT_OBJC_MSGSEND = YES;
				ENABLE_USER_SCRIPT_SANDBOXING = YES;
				GCC_C_LANGUAGE_STANDARD = gnu17;
				GCC_NO_COMMON_BLOCKS = YES;
				GCC_WARN_64_TO_32_BIT_CONVERSION = YES;
				GCC_WARN_ABOUT_RETURN_TYPE = YES_ERROR;
				GCC_WARN_UNDECLARED_SELECTOR = YES;
				GCC_WARN_UNINITIALIZED_AUTOS = YES_AGGRESSIVE;
				GCC_WARN_UNUSED_FUNCTION = YES;
				GCC_WARN_UNUSED_VARIABLE = YES;
				IPHONEOS_DEPLOYMENT_TARGET = 18.5;
				LOCALIZATION_PREFERS_STRING_CATALOGS = YES;
				MTL_ENABLE_DEBUG_INFO = NO;
				MTL_FAST_MATH = YES;
				SDKROOT = iphoneos;
				SWIFT_COMPILATION_MODE = wholemodule;
				VALIDATE_PRODUCT = YES;
			};
			name = Release;
		};
		845EC8342E59384800BF7A12 /* Debug */ = {
			isa = XCBuildConfiguration;
			buildSettings = {
				ASSETCATALOG_COMPILER_APPICON_NAME = AppIcon;
				ASSETCATALOG_COMPILER_GLOBAL_ACCENT_COLOR_NAME = AccentColor;
				CODE_SIGN_STYLE = Automatic;
				CURRENT_PROJECT_VERSION = 1;
				DEVELOPMENT_TEAM = 927WKNV9A7;
				ENABLE_PREVIEWS = YES;
				GENERATE_INFOPLIST_FILE = YES;
				INFOPLIST_KEY_NSCameraUsageDescription = "Necesitamos acceder a la cámara para adjuntar fotos a tu reporte.";
				INFOPLIST_KEY_UIApplicationSceneManifest_Generation = YES;
				INFOPLIST_KEY_UIApplicationSupportsIndirectInputEvents = YES;
				INFOPLIST_KEY_UILaunchScreen_Generation = YES;
				INFOPLIST_KEY_UISupportedInterfaceOrientations = UIInterfaceOrientationPortrait;
				INFOPLIST_KEY_UISupportedInterfaceOrientations_iPad = "UIInterfaceOrientationLandscapeLeft UIInterfaceOrientationLandscapeRight UIInterfaceOrientationPortrait UIInterfaceOrientationPortraitUpsideDown";
				LD_RUNPATH_SEARCH_PATHS = (
					"$(inherited)",
					"@executable_path/Frameworks",
				);
				MARKETING_VERSION = 1.0;
				PRODUCT_BUNDLE_IDENTIFIER = mx.itesm.A01665906.RegistroUsuarioSUI;
				PRODUCT_NAME = "$(TARGET_NAME)";
				SWIFT_EMIT_LOC_STRINGS = YES;
				SWIFT_VERSION = 5.0;
				TARGETED_DEVICE_FAMILY = "1,2";
			};
			name = Debug;
		};
		845EC8352E59384800BF7A12 /* Release */ = {
			isa = XCBuildConfiguration;
			buildSettings = {
				ASSETCATALOG_COMPILER_APPICON_NAME = AppIcon;
				ASSETCATALOG_COMPILER_GLOBAL_ACCENT_COLOR_NAME = AccentColor;
				CODE_SIGN_STYLE = Automatic;
				CURRENT_PROJECT_VERSION = 1;
				DEVELOPMENT_TEAM = 927WKNV9A7;
				ENABLE_PREVIEWS = YES;
				GENERATE_INFOPLIST_FILE = YES;
				INFOPLIST_KEY_NSCameraUsageDescription = "Necesitamos acceder a la cámara para adjuntar fotos a tu reporte.";
				INFOPLIST_KEY_UIApplicationSceneManifest_Generation = YES;
				INFOPLIST_KEY_UIApplicationSupportsIndirectInputEvents = YES;
				INFOPLIST_KEY_UILaunchScreen_Generation = YES;
				INFOPLIST_KEY_UISupportedInterfaceOrientations = UIInterfaceOrientationPortrait;
				INFOPLIST_KEY_UISupportedInterfaceOrientations_iPad = "UIInterfaceOrientationLandscapeLeft UIInterfaceOrientationLandscapeRight UIInterfaceOrientationPortrait UIInterfaceOrientationPortraitUpsideDown";
				LD_RUNPATH_SEARCH_PATHS = (
					"$(inherited)",
					"@executable_path/Frameworks",
				);
				MARKETING_VERSION = 1.0;
				PRODUCT_BUNDLE_IDENTIFIER = mx.itesm.A01665906.RegistroUsuarioSUI;
				PRODUCT_NAME = "$(TARGET_NAME)";
				SWIFT_EMIT_LOC_STRINGS = YES;
				SWIFT_VERSION = 5.0;
				TARGETED_DEVICE_FAMILY = "1,2";
			};
			name = Release;
		};
		93B466D52EA9AD9000CBBAF9 /* Debug */ = {
			isa = XCBuildConfiguration;
			buildSettings = {
				BUNDLE_LOADER = "$(TEST_HOST)";
				CODE_SIGN_STYLE = Automatic;
				CURRENT_PROJECT_VERSION = 1;
				GENERATE_INFOPLIST_FILE = YES;
				IPHONEOS_DEPLOYMENT_TARGET = 26.0;
				MARKETING_VERSION = 1.0;
				PRODUCT_BUNDLE_IDENTIFIER = naganiom.RegistroUsuarioSUITests;
				PRODUCT_NAME = "$(TARGET_NAME)";
				STRING_CATALOG_GENERATE_SYMBOLS = NO;
				SWIFT_APPROACHABLE_CONCURRENCY = YES;
				SWIFT_EMIT_LOC_STRINGS = NO;
				SWIFT_UPCOMING_FEATURE_MEMBER_IMPORT_VISIBILITY = YES;
				SWIFT_VERSION = 5.0;
				TARGETED_DEVICE_FAMILY = "1,2";
				TEST_HOST = "$(BUILT_PRODUCTS_DIR)/RegistroUsuarioSUI.app/$(BUNDLE_EXECUTABLE_FOLDER_PATH)/RegistroUsuarioSUI";
			};
			name = Debug;
		};
		93B466D62EA9AD9000CBBAF9 /* Release */ = {
			isa = XCBuildConfiguration;
			buildSettings = {
				BUNDLE_LOADER = "$(TEST_HOST)";
				CODE_SIGN_STYLE = Automatic;
				CURRENT_PROJECT_VERSION = 1;
				GENERATE_INFOPLIST_FILE = YES;
				IPHONEOS_DEPLOYMENT_TARGET = 26.0;
				MARKETING_VERSION = 1.0;
				PRODUCT_BUNDLE_IDENTIFIER = naganiom.RegistroUsuarioSUITests;
				PRODUCT_NAME = "$(TARGET_NAME)";
				STRING_CATALOG_GENERATE_SYMBOLS = NO;
				SWIFT_APPROACHABLE_CONCURRENCY = YES;
				SWIFT_EMIT_LOC_STRINGS = NO;
				SWIFT_UPCOMING_FEATURE_MEMBER_IMPORT_VISIBILITY = YES;
				SWIFT_VERSION = 5.0;
				TARGETED_DEVICE_FAMILY = "1,2";
				TEST_HOST = "$(BUILT_PRODUCTS_DIR)/RegistroUsuarioSUI.app/$(BUNDLE_EXECUTABLE_FOLDER_PATH)/RegistroUsuarioSUI";
			};
			name = Release;
		};
/* End XCBuildConfiguration section */

/* Begin XCConfigurationList section */
		845EC8232E59384700BF7A12 /* Build configuration list for PBXProject "RegistroUsuarioSUI" */ = {
			isa = XCConfigurationList;
			buildConfigurations = (
				845EC8312E59384800BF7A12 /* Debug */,
				845EC8322E59384800BF7A12 /* Release */,
			);
			defaultConfigurationIsVisible = 0;
			defaultConfigurationName = Release;
		};
		845EC8332E59384800BF7A12 /* Build configuration list for PBXNativeTarget "RegistroUsuarioSUI" */ = {
			isa = XCConfigurationList;
			buildConfigurations = (
				845EC8342E59384800BF7A12 /* Debug */,
				845EC8352E59384800BF7A12 /* Release */,
			);
			defaultConfigurationIsVisible = 0;
			defaultConfigurationName = Release;
		};
		93B466D72EA9AD9000CBBAF9 /* Build configuration list for PBXNativeTarget "RegistroUsuarioSUITests" */ = {
			isa = XCConfigurationList;
			buildConfigurations = (
				93B466D52EA9AD9000CBBAF9 /* Debug */,
				93B466D62EA9AD9000CBBAF9 /* Release */,
			);
			defaultConfigurationIsVisible = 0;
			defaultConfigurationName = Release;
		};
/* End XCConfigurationList section */
	};
	rootObject = 845EC8202E59384700BF7A12 /* Project object */;
}
